
Microsoft Visual Studio Solution File, Format Version 12.00
# Visual Studio Version 17
VisualStudioVersion = 17.1.32328.378
MinimumVisualStudioVersion = 10.0.40219.1
Project("{FAE04EC0-301F-11D3-BF4B-00C04F79EFBC}") = "UniversityStudentDiaryManagementSystem", "UniversityStudentDiaryManagementSystem.csproj", "{DFBA72F4-87B8-41EC-91BD-A1E173D0200E}"
EndProject
Global
	GlobalSection(SolutionConfigurationPlatforms) = preSolution
		Debug|Any CPU = Debug|Any CPU
		Release|Any CPU = Release|Any CPU
	EndGlobalSection
	GlobalSection(ProjectConfigurationPlatforms) = postSolution
		{DFBA72F4-87B8-41EC-91BD-A1E173D0200E}.Debug|Any CPU.ActiveCfg = Debug|Any CPU
		{DFBA72F4-87B8-41EC-91BD-A1E173D0200E}.Debug|Any CPU.Build.0 = Debug|Any CPU
		{DFBA72F4-87B8-41EC-91BD-A1E173D0200E}.Release|Any CPU.ActiveCfg = Release|Any CPU
		{DFBA72F4-87B8-41EC-91BD-A1E173D0200E}.Release|Any CPU.Build.0 = Release|Any CPU
	EndGlobalSection
	GlobalSection(SolutionProperties) = preSolution
		HideSolutionNode = FALSE
	EndGlobalSection
	GlobalSection(ExtensibilityGlobals) = postSolution
		SolutionGuid = {25841D8D-469B-49D1-89E5-2EA2BF109467}
	EndGlobalSection
EndGlobal
